
Microsoft Visual Studio Solution File, Format Version 12.00
# Visual Studio Version 16
VisualStudioVersion = 16.0.29728.190
MinimumVisualStudioVersion = 10.0.40219.1
Project("{FAE04EC0-301F-11D3-BF4B-00C04F79EFBC}") = "TutorialCSharp", "TutorialCSharp\TutorialCSharp.csproj", "{B5B9E931-1FB8-41E7-8426-E6E61C7BFE39}"
EndProject
Global
	GlobalSection(SolutionConfigurationPlatforms) = preSolution
		Debug|Any CPU = Debug|Any CPU
		Release|Any CPU = Release|Any CPU
	EndGlobalSection
	GlobalSection(ProjectConfigurationPlatforms) = postSolution
		{B5B9E931-1FB8-41E7-8426-E6E61C7BFE39}.Debug|Any CPU.ActiveCfg = Debug|Any CPU
		{B5B9E931-1FB8-41E7-8426-E6E61C7BFE39}.Debug|Any CPU.Build.0 = Debug|Any CPU
		{B5B9E931-1FB8-41E7-8426-E6E61C7BFE39}.Release|Any CPU.ActiveCfg = Release|Any CPU
		{B5B9E931-1FB8-41E7-8426-E6E61C7BFE39}.Release|Any CPU.Build.0 = Release|Any CPU
	EndGlobalSection
	GlobalSection(SolutionProperties) = preSolution
		HideSolutionNode = FALSE
	EndGlobalSection
	GlobalSection(ExtensibilityGlobals) = postSolution
		SolutionGuid = {C7A63EF0-2485-4AC8-AF84-5C7675D0805A}
	EndGlobalSection
EndGlobal
