
Microsoft Visual Studio Solution File, Format Version 12.00
# Visual Studio Version 16
VisualStudioVersion = 16.0.29728.190
MinimumVisualStudioVersion = 10.0.40219.1
Project("{FAE04EC0-301F-11D3-BF4B-00C04F79EFBC}") = "Types", "Types\Types.csproj", "{C5D4C32A-6D9D-4BEA-BF72-7799ECF21EBD}"
EndProject
Global
	GlobalSection(SolutionConfigurationPlatforms) = preSolution
		Debug|Any CPU = Debug|Any CPU
		Release|Any CPU = Release|Any CPU
	EndGlobalSection
	GlobalSection(ProjectConfigurationPlatforms) = postSolution
		{C5D4C32A-6D9D-4BEA-BF72-7799ECF21EBD}.Debug|Any CPU.ActiveCfg = Debug|Any CPU
		{C5D4C32A-6D9D-4BEA-BF72-7799ECF21EBD}.Debug|Any CPU.Build.0 = Debug|Any CPU
		{C5D4C32A-6D9D-4BEA-BF72-7799ECF21EBD}.Release|Any CPU.ActiveCfg = Release|Any CPU
		{C5D4C32A-6D9D-4BEA-BF72-7799ECF21EBD}.Release|Any CPU.Build.0 = Release|Any CPU
	EndGlobalSection
	GlobalSection(SolutionProperties) = preSolution
		HideSolutionNode = FALSE
	EndGlobalSection
	GlobalSection(ExtensibilityGlobals) = postSolution
		SolutionGuid = {7184FEEE-C864-47B4-AC49-338306F292F1}
	EndGlobalSection
EndGlobal
