
Microsoft Visual Studio Solution File, Format Version 12.00
# Visual Studio Version 16
VisualStudioVersion = 16.0.29728.190
MinimumVisualStudioVersion = 10.0.40219.1
Project("{FAE04EC0-301F-11D3-BF4B-00C04F79EFBC}") = "Method_Hiding", "Method_Hiding\Method_Hiding.csproj", "{69D48C87-538E-430B-9B04-72C32F9D4DBA}"
EndProject
Global
	GlobalSection(SolutionConfigurationPlatforms) = preSolution
		Debug|Any CPU = Debug|Any CPU
		Release|Any CPU = Release|Any CPU
	EndGlobalSection
	GlobalSection(ProjectConfigurationPlatforms) = postSolution
		{69D48C87-538E-430B-9B04-72C32F9D4DBA}.Debug|Any CPU.ActiveCfg = Debug|Any CPU
		{69D48C87-538E-430B-9B04-72C32F9D4DBA}.Debug|Any CPU.Build.0 = Debug|Any CPU
		{69D48C87-538E-430B-9B04-72C32F9D4DBA}.Release|Any CPU.ActiveCfg = Release|Any CPU
		{69D48C87-538E-430B-9B04-72C32F9D4DBA}.Release|Any CPU.Build.0 = Release|Any CPU
	EndGlobalSection
	GlobalSection(SolutionProperties) = preSolution
		HideSolutionNode = FALSE
	EndGlobalSection
	GlobalSection(ExtensibilityGlobals) = postSolution
		SolutionGuid = {D6B2C3D1-2909-4876-B0C3-9A47FE8E6D2A}
	EndGlobalSection
EndGlobal
