
Microsoft Visual Studio Solution File, Format Version 12.00
# Visual Studio Version 16
VisualStudioVersion = 16.0.29728.190
MinimumVisualStudioVersion = 10.0.40219.1
Project("{FAE04EC0-301F-11D3-BF4B-00C04F79EFBC}") = "Multicastdeligates", "Multicastdeligates\Multicastdeligates.csproj", "{6D2CE769-72CD-4C03-A5A9-336608E4376C}"
EndProject
Global
	GlobalSection(SolutionConfigurationPlatforms) = preSolution
		Debug|Any CPU = Debug|Any CPU
		Release|Any CPU = Release|Any CPU
	EndGlobalSection
	GlobalSection(ProjectConfigurationPlatforms) = postSolution
		{6D2CE769-72CD-4C03-A5A9-336608E4376C}.Debug|Any CPU.ActiveCfg = Debug|Any CPU
		{6D2CE769-72CD-4C03-A5A9-336608E4376C}.Debug|Any CPU.Build.0 = Debug|Any CPU
		{6D2CE769-72CD-4C03-A5A9-336608E4376C}.Release|Any CPU.ActiveCfg = Release|Any CPU
		{6D2CE769-72CD-4C03-A5A9-336608E4376C}.Release|Any CPU.Build.0 = Release|Any CPU
	EndGlobalSection
	GlobalSection(SolutionProperties) = preSolution
		HideSolutionNode = FALSE
	EndGlobalSection
	GlobalSection(ExtensibilityGlobals) = postSolution
		SolutionGuid = {706D1379-4058-4E81-A4BB-84244D429329}
	EndGlobalSection
EndGlobal
