
Microsoft Visual Studio Solution File, Format Version 12.00
# Visual Studio Version 16
VisualStudioVersion = 16.0.29728.190
MinimumVisualStudioVersion = 10.0.40219.1
Project("{FAE04EC0-301F-11D3-BF4B-00C04F79EFBC}") = "Method_Overriding_vs_Method_Hiding", "Method_Overriding_vs_Method_Hiding\Method_Overriding_vs_Method_Hiding.csproj", "{AB825DA7-F7C6-4006-BA06-DA701BCEF83D}"
EndProject
Global
	GlobalSection(SolutionConfigurationPlatforms) = preSolution
		Debug|Any CPU = Debug|Any CPU
		Release|Any CPU = Release|Any CPU
	EndGlobalSection
	GlobalSection(ProjectConfigurationPlatforms) = postSolution
		{AB825DA7-F7C6-4006-BA06-DA701BCEF83D}.Debug|Any CPU.ActiveCfg = Debug|Any CPU
		{AB825DA7-F7C6-4006-BA06-DA701BCEF83D}.Debug|Any CPU.Build.0 = Debug|Any CPU
		{AB825DA7-F7C6-4006-BA06-DA701BCEF83D}.Release|Any CPU.ActiveCfg = Release|Any CPU
		{AB825DA7-F7C6-4006-BA06-DA701BCEF83D}.Release|Any CPU.Build.0 = Release|Any CPU
	EndGlobalSection
	GlobalSection(SolutionProperties) = preSolution
		HideSolutionNode = FALSE
	EndGlobalSection
	GlobalSection(ExtensibilityGlobals) = postSolution
		SolutionGuid = {C39612D8-5E50-4AE9-97D7-35FB7B316327}
	EndGlobalSection
EndGlobal
