
Microsoft Visual Studio Solution File, Format Version 12.00
# Visual Studio Version 16
VisualStudioVersion = 16.0.29728.190
MinimumVisualStudioVersion = 10.0.40219.1
Project("{FAE04EC0-301F-11D3-BF4B-00C04F79EFBC}") = "MultipleInheritance", "MultipleInheritance\MultipleInheritance.csproj", "{EDE3D20B-02FD-4040-92BC-FCECC6EB4674}"
EndProject
Global
	GlobalSection(SolutionConfigurationPlatforms) = preSolution
		Debug|Any CPU = Debug|Any CPU
		Release|Any CPU = Release|Any CPU
	EndGlobalSection
	GlobalSection(ProjectConfigurationPlatforms) = postSolution
		{EDE3D20B-02FD-4040-92BC-FCECC6EB4674}.Debug|Any CPU.ActiveCfg = Debug|Any CPU
		{EDE3D20B-02FD-4040-92BC-FCECC6EB4674}.Debug|Any CPU.Build.0 = Debug|Any CPU
		{EDE3D20B-02FD-4040-92BC-FCECC6EB4674}.Release|Any CPU.ActiveCfg = Release|Any CPU
		{EDE3D20B-02FD-4040-92BC-FCECC6EB4674}.Release|Any CPU.Build.0 = Release|Any CPU
	EndGlobalSection
	GlobalSection(SolutionProperties) = preSolution
		HideSolutionNode = FALSE
	EndGlobalSection
	GlobalSection(ExtensibilityGlobals) = postSolution
		SolutionGuid = {7BEE0E64-E2E8-4944-A7C8-1EF0626469D0}
	EndGlobalSection
EndGlobal
