
Microsoft Visual Studio Solution File, Format Version 12.00
# Visual Studio Version 16
VisualStudioVersion = 16.0.29728.190
MinimumVisualStudioVersion = 10.0.40219.1
Project("{FAE04EC0-301F-11D3-BF4B-00C04F79EFBC}") = "Delegates", "Delegates\Delegates.csproj", "{B1D4F832-33C3-454A-B6B6-CC453F472C7B}"
EndProject
Global
	GlobalSection(SolutionConfigurationPlatforms) = preSolution
		Debug|Any CPU = Debug|Any CPU
		Release|Any CPU = Release|Any CPU
	EndGlobalSection
	GlobalSection(ProjectConfigurationPlatforms) = postSolution
		{B1D4F832-33C3-454A-B6B6-CC453F472C7B}.Debug|Any CPU.ActiveCfg = Debug|Any CPU
		{B1D4F832-33C3-454A-B6B6-CC453F472C7B}.Debug|Any CPU.Build.0 = Debug|Any CPU
		{B1D4F832-33C3-454A-B6B6-CC453F472C7B}.Release|Any CPU.ActiveCfg = Release|Any CPU
		{B1D4F832-33C3-454A-B6B6-CC453F472C7B}.Release|Any CPU.Build.0 = Release|Any CPU
	EndGlobalSection
	GlobalSection(SolutionProperties) = preSolution
		HideSolutionNode = FALSE
	EndGlobalSection
	GlobalSection(ExtensibilityGlobals) = postSolution
		SolutionGuid = {4A4B82A5-4100-44BF-A5AC-A0EB8A1841AB}
	EndGlobalSection
EndGlobal
