
Microsoft Visual Studio Solution File, Format Version 12.00
# Visual Studio 15
VisualStudioVersion = 15.0.28307.1022
MinimumVisualStudioVersion = 10.0.40219.1
Project("{FAE04EC0-301F-11D3-BF4B-00C04F79EFBC}") = "WebAPIDemo", "WebAPIDemo\WebAPIDemo.csproj", "{AA98ABB6-6161-4816-B7BE-BF743C474763}"
EndProject
Global
	GlobalSection(SolutionConfigurationPlatforms) = preSolution
		Debug|Any CPU = Debug|Any CPU
		Release|Any CPU = Release|Any CPU
	EndGlobalSection
	GlobalSection(ProjectConfigurationPlatforms) = postSolution
		{AA98ABB6-6161-4816-B7BE-BF743C474763}.Debug|Any CPU.ActiveCfg = Debug|Any CPU
		{AA98ABB6-6161-4816-B7BE-BF743C474763}.Debug|Any CPU.Build.0 = Debug|Any CPU
		{AA98ABB6-6161-4816-B7BE-BF743C474763}.Release|Any CPU.ActiveCfg = Release|Any CPU
		{AA98ABB6-6161-4816-B7BE-BF743C474763}.Release|Any CPU.Build.0 = Release|Any CPU
	EndGlobalSection
	GlobalSection(SolutionProperties) = preSolution
		HideSolutionNode = FALSE
	EndGlobalSection
	GlobalSection(ExtensibilityGlobals) = postSolution
		SolutionGuid = {B16033CF-6C3B-45B2-BA60-5B4D5E96498F}
	EndGlobalSection
EndGlobal
