
Microsoft Visual Studio Solution File, Format Version 12.00
# Visual Studio Version 16
VisualStudioVersion = 16.0.29728.190
MinimumVisualStudioVersion = 10.0.40219.1
Project("{FAE04EC0-301F-11D3-BF4B-00C04F79EFBC}") = "Custom_Exceptions", "Custom_Exceptions\Custom_Exceptions.csproj", "{DE9B5929-6A90-46BF-A0B8-E2104099BB08}"
EndProject
Global
	GlobalSection(SolutionConfigurationPlatforms) = preSolution
		Debug|Any CPU = Debug|Any CPU
		Release|Any CPU = Release|Any CPU
	EndGlobalSection
	GlobalSection(ProjectConfigurationPlatforms) = postSolution
		{DE9B5929-6A90-46BF-A0B8-E2104099BB08}.Debug|Any CPU.ActiveCfg = Debug|Any CPU
		{DE9B5929-6A90-46BF-A0B8-E2104099BB08}.Debug|Any CPU.Build.0 = Debug|Any CPU
		{DE9B5929-6A90-46BF-A0B8-E2104099BB08}.Release|Any CPU.ActiveCfg = Release|Any CPU
		{DE9B5929-6A90-46BF-A0B8-E2104099BB08}.Release|Any CPU.Build.0 = Release|Any CPU
	EndGlobalSection
	GlobalSection(SolutionProperties) = preSolution
		HideSolutionNode = FALSE
	EndGlobalSection
	GlobalSection(ExtensibilityGlobals) = postSolution
		SolutionGuid = {0E6C2543-0D0F-4256-A7E6-7A52D9634E47}
	EndGlobalSection
EndGlobal
