
Microsoft Visual Studio Solution File, Format Version 12.00
# Visual Studio Version 16
VisualStudioVersion = 16.0.29728.190
MinimumVisualStudioVersion = 10.0.40219.1
Project("{FAE04EC0-301F-11D3-BF4B-00C04F79EFBC}") = "ConsoleApp5", "ConsoleApp5\ConsoleApp5.csproj", "{1A6EDD7B-8C48-413E-8A5D-71565133FC14}"
EndProject
Global
	GlobalSection(SolutionConfigurationPlatforms) = preSolution
		Debug|Any CPU = Debug|Any CPU
		Release|Any CPU = Release|Any CPU
	EndGlobalSection
	GlobalSection(ProjectConfigurationPlatforms) = postSolution
		{1A6EDD7B-8C48-413E-8A5D-71565133FC14}.Debug|Any CPU.ActiveCfg = Debug|Any CPU
		{1A6EDD7B-8C48-413E-8A5D-71565133FC14}.Debug|Any CPU.Build.0 = Debug|Any CPU
		{1A6EDD7B-8C48-413E-8A5D-71565133FC14}.Release|Any CPU.ActiveCfg = Release|Any CPU
		{1A6EDD7B-8C48-413E-8A5D-71565133FC14}.Release|Any CPU.Build.0 = Release|Any CPU
	EndGlobalSection
	GlobalSection(SolutionProperties) = preSolution
		HideSolutionNode = FALSE
	EndGlobalSection
	GlobalSection(ExtensibilityGlobals) = postSolution
		SolutionGuid = {757BFE3B-049B-41BA-A8B2-A27E75A9A94E}
	EndGlobalSection
EndGlobal
