
Microsoft Visual Studio Solution File, Format Version 12.00
# Visual Studio Version 16
VisualStudioVersion = 16.0.29728.190
MinimumVisualStudioVersion = 10.0.40219.1
Project("{FAE04EC0-301F-11D3-BF4B-00C04F79EFBC}") = "Circle", "Circle\Circle.csproj", "{2E0FC81A-2067-4B3E-B1E6-93FD07DF397D}"
EndProject
Global
	GlobalSection(SolutionConfigurationPlatforms) = preSolution
		Debug|Any CPU = Debug|Any CPU
		Release|Any CPU = Release|Any CPU
	EndGlobalSection
	GlobalSection(ProjectConfigurationPlatforms) = postSolution
		{2E0FC81A-2067-4B3E-B1E6-93FD07DF397D}.Debug|Any CPU.ActiveCfg = Debug|Any CPU
		{2E0FC81A-2067-4B3E-B1E6-93FD07DF397D}.Debug|Any CPU.Build.0 = Debug|Any CPU
		{2E0FC81A-2067-4B3E-B1E6-93FD07DF397D}.Release|Any CPU.ActiveCfg = Release|Any CPU
		{2E0FC81A-2067-4B3E-B1E6-93FD07DF397D}.Release|Any CPU.Build.0 = Release|Any CPU
	EndGlobalSection
	GlobalSection(SolutionProperties) = preSolution
		HideSolutionNode = FALSE
	EndGlobalSection
	GlobalSection(ExtensibilityGlobals) = postSolution
		SolutionGuid = {FBCD72D8-F199-4594-BB59-AAF9D5552DE1}
	EndGlobalSection
EndGlobal
